
Microsoft Visual Studio Solution File, Format Version 12.00
Project("{FAE04EC0-301F-11D3-BF4B-00C04F79EFBC}") = "centre_soutien", "centre_soutien.csproj", "{549A4B44-6B78-427A-A65D-D176E22AC9EE}"
EndProject
Global
	GlobalSection(SolutionConfigurationPlatforms) = preSolution
		Debug|Any CPU = Debug|Any CPU
		Release|Any CPU = Release|Any CPU
	EndGlobalSection
	GlobalSection(ProjectConfigurationPlatforms) = postSolution
		{549A4B44-6B78-427A-A65D-D176E22AC9EE}.Debug|Any CPU.ActiveCfg = Debug|Any CPU
		{549A4B44-6B78-427A-A65D-D176E22AC9EE}.Debug|Any CPU.Build.0 = Debug|Any CPU
		{549A4B44-6B78-427A-A65D-D176E22AC9EE}.Release|Any CPU.ActiveCfg = Release|Any CPU
		{549A4B44-6B78-427A-A65D-D176E22AC9EE}.Release|Any CPU.Build.0 = Release|Any CPU
	EndGlobalSection
EndGlobal
